
Microsoft Visual Studio Solution File, Format Version 12.00
# Visual Studio 15
VisualStudioVersion = 15.0.26206.0
MinimumVisualStudioVersion = 10.0.40219.1
Project("{FAE04EC0-301F-11D3-BF4B-00C04F79EFBC}") = "Template.Webform", "Template.Webform\Template.Webform.csproj", "{E2AAEAC5-1ED4-47D0-A879-5324E0585B82}"
EndProject
Project("{2150E333-8FDC-42A3-9474-1A3956D46DE8}") = "Solution Items", "Solution Items", "{CDCEC509-D3C3-47F7-8891-19F87D461A45}"
	ProjectSection(SolutionItems) = preProject
		.gitattributes = .gitattributes
		.gitignore = .gitignore
	EndProjectSection
EndProject
Project("{FAE04EC0-301F-11D3-BF4B-00C04F79EFBC}") = "Templates.DataStructures", "Templates.DataStructures\Templates.DataStructures.csproj", "{D20AC8C4-7566-485C-A9B7-4A0F36FEE1F2}"
EndProject
Project("{FAE04EC0-301F-11D3-BF4B-00C04F79EFBC}") = "Templates.DesignPatterns", "Templates.DesignPatterns\Templates.DesignPatterns.csproj", "{D63B3A66-FB34-46AF-8310-057B6D3E049B}"
EndProject
Global
	GlobalSection(SolutionConfigurationPlatforms) = preSolution
		Debug|Any CPU = Debug|Any CPU
		Debug|x64 = Debug|x64
		Debug|x86 = Debug|x86
		Release|Any CPU = Release|Any CPU
		Release|x64 = Release|x64
		Release|x86 = Release|x86
	EndGlobalSection
	GlobalSection(ProjectConfigurationPlatforms) = postSolution
		{E2AAEAC5-1ED4-47D0-A879-5324E0585B82}.Debug|Any CPU.ActiveCfg = Debug|Any CPU
		{E2AAEAC5-1ED4-47D0-A879-5324E0585B82}.Debug|Any CPU.Build.0 = Debug|Any CPU
		{E2AAEAC5-1ED4-47D0-A879-5324E0585B82}.Debug|x64.ActiveCfg = Debug|Any CPU
		{E2AAEAC5-1ED4-47D0-A879-5324E0585B82}.Debug|x64.Build.0 = Debug|Any CPU
		{E2AAEAC5-1ED4-47D0-A879-5324E0585B82}.Debug|x86.ActiveCfg = Debug|Any CPU
		{E2AAEAC5-1ED4-47D0-A879-5324E0585B82}.Debug|x86.Build.0 = Debug|Any CPU
		{E2AAEAC5-1ED4-47D0-A879-5324E0585B82}.Release|Any CPU.ActiveCfg = Release|Any CPU
		{E2AAEAC5-1ED4-47D0-A879-5324E0585B82}.Release|Any CPU.Build.0 = Release|Any CPU
		{E2AAEAC5-1ED4-47D0-A879-5324E0585B82}.Release|x64.ActiveCfg = Release|Any CPU
		{E2AAEAC5-1ED4-47D0-A879-5324E0585B82}.Release|x64.Build.0 = Release|Any CPU
		{E2AAEAC5-1ED4-47D0-A879-5324E0585B82}.Release|x86.ActiveCfg = Release|Any CPU
		{E2AAEAC5-1ED4-47D0-A879-5324E0585B82}.Release|x86.Build.0 = Release|Any CPU
		{D20AC8C4-7566-485C-A9B7-4A0F36FEE1F2}.Debug|Any CPU.ActiveCfg = Debug|Any CPU
		{D20AC8C4-7566-485C-A9B7-4A0F36FEE1F2}.Debug|Any CPU.Build.0 = Debug|Any CPU
		{D20AC8C4-7566-485C-A9B7-4A0F36FEE1F2}.Debug|x64.ActiveCfg = Debug|x64
		{D20AC8C4-7566-485C-A9B7-4A0F36FEE1F2}.Debug|x64.Build.0 = Debug|x64
		{D20AC8C4-7566-485C-A9B7-4A0F36FEE1F2}.Debug|x86.ActiveCfg = Debug|x86
		{D20AC8C4-7566-485C-A9B7-4A0F36FEE1F2}.Debug|x86.Build.0 = Debug|x86
		{D20AC8C4-7566-485C-A9B7-4A0F36FEE1F2}.Release|Any CPU.ActiveCfg = Release|Any CPU
		{D20AC8C4-7566-485C-A9B7-4A0F36FEE1F2}.Release|Any CPU.Build.0 = Release|Any CPU
		{D20AC8C4-7566-485C-A9B7-4A0F36FEE1F2}.Release|x64.ActiveCfg = Release|x64
		{D20AC8C4-7566-485C-A9B7-4A0F36FEE1F2}.Release|x64.Build.0 = Release|x64
		{D20AC8C4-7566-485C-A9B7-4A0F36FEE1F2}.Release|x86.ActiveCfg = Release|x86
		{D20AC8C4-7566-485C-A9B7-4A0F36FEE1F2}.Release|x86.Build.0 = Release|x86
		{D63B3A66-FB34-46AF-8310-057B6D3E049B}.Debug|Any CPU.ActiveCfg = Debug|Any CPU
		{D63B3A66-FB34-46AF-8310-057B6D3E049B}.Debug|Any CPU.Build.0 = Debug|Any CPU
		{D63B3A66-FB34-46AF-8310-057B6D3E049B}.Debug|x64.ActiveCfg = Debug|x64
		{D63B3A66-FB34-46AF-8310-057B6D3E049B}.Debug|x64.Build.0 = Debug|x64
		{D63B3A66-FB34-46AF-8310-057B6D3E049B}.Debug|x86.ActiveCfg = Debug|x86
		{D63B3A66-FB34-46AF-8310-057B6D3E049B}.Debug|x86.Build.0 = Debug|x86
		{D63B3A66-FB34-46AF-8310-057B6D3E049B}.Release|Any CPU.ActiveCfg = Release|Any CPU
		{D63B3A66-FB34-46AF-8310-057B6D3E049B}.Release|Any CPU.Build.0 = Release|Any CPU
		{D63B3A66-FB34-46AF-8310-057B6D3E049B}.Release|x64.ActiveCfg = Release|x64
		{D63B3A66-FB34-46AF-8310-057B6D3E049B}.Release|x64.Build.0 = Release|x64
		{D63B3A66-FB34-46AF-8310-057B6D3E049B}.Release|x86.ActiveCfg = Release|x86
		{D63B3A66-FB34-46AF-8310-057B6D3E049B}.Release|x86.Build.0 = Release|x86
	EndGlobalSection
	GlobalSection(SolutionProperties) = preSolution
		HideSolutionNode = FALSE
	EndGlobalSection
EndGlobal
